
Microsoft Visual Studio Solution File, Format Version 12.00
# Visual Studio Version 17
VisualStudioVersion = 17.7.34031.279
MinimumVisualStudioVersion = 10.0.40219.1
Project("{FAE04EC0-301F-11D3-BF4B-00C04F79EFBC}") = "GUI", "GUI\GUI.csproj", "{AB2F223E-D702-42AD-AA08-54EC3E6E724A}"
EndProject
Project("{FAE04EC0-301F-11D3-BF4B-00C04F79EFBC}") = "BLL", "BLL\BLL.csproj", "{72057C1F-2DF1-4585-BF79-3B56BFFE87D9}"
EndProject
Project("{FAE04EC0-301F-11D3-BF4B-00C04F79EFBC}") = "DAL", "DAL\DAL.csproj", "{F1DEBBBA-535A-4431-A344-27F2F0A86DAD}"
EndProject
Project("{FAE04EC0-301F-11D3-BF4B-00C04F79EFBC}") = "Entity", "Entity\Entity.csproj", "{0C9203F3-C105-4632-811F-47DB8A9935E5}"
EndProject
Global
	GlobalSection(SolutionConfigurationPlatforms) = preSolution
		Debug|Any CPU = Debug|Any CPU
		Release|Any CPU = Release|Any CPU
	EndGlobalSection
	GlobalSection(ProjectConfigurationPlatforms) = postSolution
		{AB2F223E-D702-42AD-AA08-54EC3E6E724A}.Debug|Any CPU.ActiveCfg = Debug|Any CPU
		{AB2F223E-D702-42AD-AA08-54EC3E6E724A}.Debug|Any CPU.Build.0 = Debug|Any CPU
		{AB2F223E-D702-42AD-AA08-54EC3E6E724A}.Release|Any CPU.ActiveCfg = Release|Any CPU
		{AB2F223E-D702-42AD-AA08-54EC3E6E724A}.Release|Any CPU.Build.0 = Release|Any CPU
		{72057C1F-2DF1-4585-BF79-3B56BFFE87D9}.Debug|Any CPU.ActiveCfg = Debug|Any CPU
		{72057C1F-2DF1-4585-BF79-3B56BFFE87D9}.Debug|Any CPU.Build.0 = Debug|Any CPU
		{72057C1F-2DF1-4585-BF79-3B56BFFE87D9}.Release|Any CPU.ActiveCfg = Release|Any CPU
		{72057C1F-2DF1-4585-BF79-3B56BFFE87D9}.Release|Any CPU.Build.0 = Release|Any CPU
		{F1DEBBBA-535A-4431-A344-27F2F0A86DAD}.Debug|Any CPU.ActiveCfg = Debug|Any CPU
		{F1DEBBBA-535A-4431-A344-27F2F0A86DAD}.Debug|Any CPU.Build.0 = Debug|Any CPU
		{F1DEBBBA-535A-4431-A344-27F2F0A86DAD}.Release|Any CPU.ActiveCfg = Release|Any CPU
		{F1DEBBBA-535A-4431-A344-27F2F0A86DAD}.Release|Any CPU.Build.0 = Release|Any CPU
		{0C9203F3-C105-4632-811F-47DB8A9935E5}.Debug|Any CPU.ActiveCfg = Debug|Any CPU
		{0C9203F3-C105-4632-811F-47DB8A9935E5}.Debug|Any CPU.Build.0 = Debug|Any CPU
		{0C9203F3-C105-4632-811F-47DB8A9935E5}.Release|Any CPU.ActiveCfg = Release|Any CPU
		{0C9203F3-C105-4632-811F-47DB8A9935E5}.Release|Any CPU.Build.0 = Release|Any CPU
	EndGlobalSection
	GlobalSection(SolutionProperties) = preSolution
		HideSolutionNode = FALSE
	EndGlobalSection
	GlobalSection(ExtensibilityGlobals) = postSolution
		SolutionGuid = {747AFC7D-C7C3-403C-A17C-03A227E52099}
	EndGlobalSection
EndGlobal
